
Microsoft Visual Studio Solution File, Format Version 12.00
# Visual Studio Version 16
VisualStudioVersion = 16.0.29418.71
MinimumVisualStudioVersion = 10.0.40219.1
Project("{FAE04EC0-301F-11D3-BF4B-00C04F79EFBC}") = "Appliances", "Appliances\Appliances.csproj", "{CBF6E99E-B535-4668-813F-BC3BC4E546D8}"
EndProject
Global
	GlobalSection(SolutionConfigurationPlatforms) = preSolution
		Debug|Any CPU = Debug|Any CPU
		Release|Any CPU = Release|Any CPU
	EndGlobalSection
	GlobalSection(ProjectConfigurationPlatforms) = postSolution
		{CBF6E99E-B535-4668-813F-BC3BC4E546D8}.Debug|Any CPU.ActiveCfg = Debug|Any CPU
		{CBF6E99E-B535-4668-813F-BC3BC4E546D8}.Debug|Any CPU.Build.0 = Debug|Any CPU
		{CBF6E99E-B535-4668-813F-BC3BC4E546D8}.Release|Any CPU.ActiveCfg = Release|Any CPU
		{CBF6E99E-B535-4668-813F-BC3BC4E546D8}.Release|Any CPU.Build.0 = Release|Any CPU
	EndGlobalSection
	GlobalSection(SolutionProperties) = preSolution
		HideSolutionNode = FALSE
	EndGlobalSection
	GlobalSection(ExtensibilityGlobals) = postSolution
		SolutionGuid = {AEFEBF48-002F-47EE-A79F-F3DAFB790EF5}
	EndGlobalSection
EndGlobal
